
Microsoft Visual Studio Solution File, Format Version 12.00
# Visual Studio Version 17
VisualStudioVersion = 17.14.36221.1
MinimumVisualStudioVersion = 10.0.40219.1
Project("{FAE04EC0-301F-11D3-BF4B-00C04F79EFBC}") = "AdoNet", "AdoNet.csproj", "{EC499DCD-BA15-4683-AE53-9FC72F42727B}"
EndProject
Project("{FAE04EC0-301F-11D3-BF4B-00C04F79EFBC}") = "Lesson_1_connection", "Lesson_1_connection\Lesson_1_connection.csproj", "{CA8FB534-3C6C-4033-B08E-11ED8AE9E9FE}"
EndProject
Project("{FAE04EC0-301F-11D3-BF4B-00C04F79EFBC}") = "Lesson_2_st_pr", "Lesson_2_st_pr\Lesson_2_st_pr.csproj", "{51AC2440-0FE0-41E1-80C9-870EC3AE8D38}"
EndProject
Project("{FAE04EC0-301F-11D3-BF4B-00C04F79EFBC}") = "DZ1_1_08_2025", "DZ1_1_08_2025\DZ1_1_08_2025.csproj", "{C2B74027-5E21-44D5-8DDE-65BA6EFEE62A}"
EndProject
Project("{FAE04EC0-301F-11D3-BF4B-00C04F79EFBC}") = "Lesson_3_CommandBuilder", "Lesson_3_CommandBuilder\Lesson_3_CommandBuilder.csproj", "{7037EB9F-E63E-4379-AAA0-E11094D54710}"
EndProject
Project("{FAE04EC0-301F-11D3-BF4B-00C04F79EFBC}") = "Lesson_4_DataLayer", "Lesson_4_DataLayer\Lesson_4_DataLayer.csproj", "{2A5F8F74-5207-4C67-925D-DCC737CC1172}"
EndProject
Project("{FAE04EC0-301F-11D3-BF4B-00C04F79EFBC}") = "Lesson_5_Adapter", "Lesson_5_Adapter\Lesson_5_Adapter.csproj", "{6F02F410-F288-4DD4-BA14-1C8984C2B9A0}"
EndProject
Project("{FAE04EC0-301F-11D3-BF4B-00C04F79EFBC}") = "Lesson_5_1_graphics", "Lesson_5_1_graphics\Lesson_5_1_graphics.csproj", "{6F41284F-9EBF-47F7-B42B-B32F5397387D}"
EndProject
Project("{FAE04EC0-301F-11D3-BF4B-00C04F79EFBC}") = "DZ2_19_08_2025", "DZ2_19_08_2025\DZ2_19_08_2025.csproj", "{E77AC4F8-D313-49DC-8C3D-A326FB499398}"
EndProject
Project("{FAE04EC0-301F-11D3-BF4B-00C04F79EFBC}") = "Lesson_6_form_DGV", "Lesson_6_form_DGV\Lesson_6_form_DGV.csproj", "{200BB4B9-2C72-4AAF-A635-ACBCF7730440}"
EndProject
Project("{FAE04EC0-301F-11D3-BF4B-00C04F79EFBC}") = "Lesson_6_LINQ", "Lesson_6_LINQ\Lesson_6_LINQ.csproj", "{988ECDEE-A688-46D7-8FB0-AC0DEB0B0922}"
EndProject
Project("{FAE04EC0-301F-11D3-BF4B-00C04F79EFBC}") = "DZ_CommandBuilder_19_08_2025", "DZ_CommandBuilder_19_08_2025\DZ_CommandBuilder_19_08_2025.csproj", "{2ABE648B-5AF6-4A2A-894D-81A3F311328D}"
EndProject
Project("{FAE04EC0-301F-11D3-BF4B-00C04F79EFBC}") = "Lesson_7_Linq_to_XML", "Lesson_7_Linq_to_XML\Lesson_7_Linq_to_XML.csproj", "{7EED028F-934D-4F5A-A18A-BFA7E0139BD2}"
EndProject
Project("{FAE04EC0-301F-11D3-BF4B-00C04F79EFBC}") = "Lesson_7_linq_to_SQL", "Lesson_7_linq_to_SQL\Lesson_7_linq_to_SQL.csproj", "{8AF12C87-C27E-42D9-8D1D-6E841013AAA6}"
EndProject
Project("{2150E333-8FDC-42A3-9474-1A3956D46DE8}") = "Examen", "Examen", "{36D591C7-65C7-A0D1-1CBC-10CDE441BDC8}"
EndProject
Project("{FAE04EC0-301F-11D3-BF4B-00C04F79EFBC}") = "View", "Examen\View\View.csproj", "{E6A1BCDC-D179-49D5-AEDA-247E6C50B22A}"
EndProject
Project("{FAE04EC0-301F-11D3-BF4B-00C04F79EFBC}") = "ViewModel", "Examen\ViewModel\ViewModel.csproj", "{D80669D1-094A-4F5C-BDD1-1B66E66D3A1F}"
EndProject
Project("{FAE04EC0-301F-11D3-BF4B-00C04F79EFBC}") = "Lesson_8_EFW_DBFirst", "Lesson_8_EFW_DBFirst\Lesson_8_EFW_DBFirst.csproj", "{EF3C6446-A128-4991-8956-5A9A0AD2DD35}"
EndProject
Project("{FAE04EC0-301F-11D3-BF4B-00C04F79EFBC}") = "Lesson_9_ModelFirst", "Lesson_9_ModelFirst\Lesson_9_ModelFirst.csproj", "{1386B9C4-1D37-4E27-A064-D0489D7E7014}"
EndProject
Project("{FAE04EC0-301F-11D3-BF4B-00C04F79EFBC}") = "DataLayer", "Examen\DataLayer\DataLayer.csproj", "{F279DE4F-D737-4AE5-88FE-2E3C624EAB3E}"
EndProject
Project("{FAE04EC0-301F-11D3-BF4B-00C04F79EFBC}") = "Model", "Examen\Model\Model.csproj", "{58029700-D9ED-4272-ABE9-C36D7B371041}"
EndProject
Project("{FAE04EC0-301F-11D3-BF4B-00C04F79EFBC}") = "Lesson_10_CodeFirst", "Lesson_10_CodeFirst\Lesson_10_CodeFirst.csproj", "{F4329438-0E60-4B88-A174-B520A2301641}"
EndProject
Project("{FAE04EC0-301F-11D3-BF4B-00C04F79EFBC}") = "ModelFirst", "Examen\ModelFirst\ModelFirst.csproj", "{DF7B1E17-759B-49F4-9414-01377426F02D}"
EndProject
Global
	GlobalSection(SolutionConfigurationPlatforms) = preSolution
		Debug|Any CPU = Debug|Any CPU
		Release|Any CPU = Release|Any CPU
	EndGlobalSection
	GlobalSection(ProjectConfigurationPlatforms) = postSolution
		{EC499DCD-BA15-4683-AE53-9FC72F42727B}.Debug|Any CPU.ActiveCfg = Debug|Any CPU
		{EC499DCD-BA15-4683-AE53-9FC72F42727B}.Debug|Any CPU.Build.0 = Debug|Any CPU
		{EC499DCD-BA15-4683-AE53-9FC72F42727B}.Release|Any CPU.ActiveCfg = Release|Any CPU
		{EC499DCD-BA15-4683-AE53-9FC72F42727B}.Release|Any CPU.Build.0 = Release|Any CPU
		{CA8FB534-3C6C-4033-B08E-11ED8AE9E9FE}.Debug|Any CPU.ActiveCfg = Debug|Any CPU
		{CA8FB534-3C6C-4033-B08E-11ED8AE9E9FE}.Debug|Any CPU.Build.0 = Debug|Any CPU
		{CA8FB534-3C6C-4033-B08E-11ED8AE9E9FE}.Release|Any CPU.ActiveCfg = Release|Any CPU
		{CA8FB534-3C6C-4033-B08E-11ED8AE9E9FE}.Release|Any CPU.Build.0 = Release|Any CPU
		{51AC2440-0FE0-41E1-80C9-870EC3AE8D38}.Debug|Any CPU.ActiveCfg = Debug|Any CPU
		{51AC2440-0FE0-41E1-80C9-870EC3AE8D38}.Debug|Any CPU.Build.0 = Debug|Any CPU
		{51AC2440-0FE0-41E1-80C9-870EC3AE8D38}.Release|Any CPU.ActiveCfg = Release|Any CPU
		{51AC2440-0FE0-41E1-80C9-870EC3AE8D38}.Release|Any CPU.Build.0 = Release|Any CPU
		{C2B74027-5E21-44D5-8DDE-65BA6EFEE62A}.Debug|Any CPU.ActiveCfg = Debug|Any CPU
		{C2B74027-5E21-44D5-8DDE-65BA6EFEE62A}.Debug|Any CPU.Build.0 = Debug|Any CPU
		{C2B74027-5E21-44D5-8DDE-65BA6EFEE62A}.Release|Any CPU.ActiveCfg = Release|Any CPU
		{C2B74027-5E21-44D5-8DDE-65BA6EFEE62A}.Release|Any CPU.Build.0 = Release|Any CPU
		{7037EB9F-E63E-4379-AAA0-E11094D54710}.Debug|Any CPU.ActiveCfg = Debug|Any CPU
		{7037EB9F-E63E-4379-AAA0-E11094D54710}.Debug|Any CPU.Build.0 = Debug|Any CPU
		{7037EB9F-E63E-4379-AAA0-E11094D54710}.Release|Any CPU.ActiveCfg = Release|Any CPU
		{7037EB9F-E63E-4379-AAA0-E11094D54710}.Release|Any CPU.Build.0 = Release|Any CPU
		{2A5F8F74-5207-4C67-925D-DCC737CC1172}.Debug|Any CPU.ActiveCfg = Debug|Any CPU
		{2A5F8F74-5207-4C67-925D-DCC737CC1172}.Debug|Any CPU.Build.0 = Debug|Any CPU
		{2A5F8F74-5207-4C67-925D-DCC737CC1172}.Release|Any CPU.ActiveCfg = Release|Any CPU
		{2A5F8F74-5207-4C67-925D-DCC737CC1172}.Release|Any CPU.Build.0 = Release|Any CPU
		{6F02F410-F288-4DD4-BA14-1C8984C2B9A0}.Debug|Any CPU.ActiveCfg = Debug|Any CPU
		{6F02F410-F288-4DD4-BA14-1C8984C2B9A0}.Debug|Any CPU.Build.0 = Debug|Any CPU
		{6F02F410-F288-4DD4-BA14-1C8984C2B9A0}.Release|Any CPU.ActiveCfg = Release|Any CPU
		{6F02F410-F288-4DD4-BA14-1C8984C2B9A0}.Release|Any CPU.Build.0 = Release|Any CPU
		{6F41284F-9EBF-47F7-B42B-B32F5397387D}.Debug|Any CPU.ActiveCfg = Debug|Any CPU
		{6F41284F-9EBF-47F7-B42B-B32F5397387D}.Debug|Any CPU.Build.0 = Debug|Any CPU
		{6F41284F-9EBF-47F7-B42B-B32F5397387D}.Release|Any CPU.ActiveCfg = Release|Any CPU
		{6F41284F-9EBF-47F7-B42B-B32F5397387D}.Release|Any CPU.Build.0 = Release|Any CPU
		{E77AC4F8-D313-49DC-8C3D-A326FB499398}.Debug|Any CPU.ActiveCfg = Debug|Any CPU
		{E77AC4F8-D313-49DC-8C3D-A326FB499398}.Debug|Any CPU.Build.0 = Debug|Any CPU
		{E77AC4F8-D313-49DC-8C3D-A326FB499398}.Release|Any CPU.ActiveCfg = Release|Any CPU
		{E77AC4F8-D313-49DC-8C3D-A326FB499398}.Release|Any CPU.Build.0 = Release|Any CPU
		{200BB4B9-2C72-4AAF-A635-ACBCF7730440}.Debug|Any CPU.ActiveCfg = Debug|Any CPU
		{200BB4B9-2C72-4AAF-A635-ACBCF7730440}.Debug|Any CPU.Build.0 = Debug|Any CPU
		{200BB4B9-2C72-4AAF-A635-ACBCF7730440}.Release|Any CPU.ActiveCfg = Release|Any CPU
		{200BB4B9-2C72-4AAF-A635-ACBCF7730440}.Release|Any CPU.Build.0 = Release|Any CPU
		{988ECDEE-A688-46D7-8FB0-AC0DEB0B0922}.Debug|Any CPU.ActiveCfg = Debug|Any CPU
		{988ECDEE-A688-46D7-8FB0-AC0DEB0B0922}.Debug|Any CPU.Build.0 = Debug|Any CPU
		{988ECDEE-A688-46D7-8FB0-AC0DEB0B0922}.Release|Any CPU.ActiveCfg = Release|Any CPU
		{988ECDEE-A688-46D7-8FB0-AC0DEB0B0922}.Release|Any CPU.Build.0 = Release|Any CPU
		{2ABE648B-5AF6-4A2A-894D-81A3F311328D}.Debug|Any CPU.ActiveCfg = Debug|Any CPU
		{2ABE648B-5AF6-4A2A-894D-81A3F311328D}.Debug|Any CPU.Build.0 = Debug|Any CPU
		{2ABE648B-5AF6-4A2A-894D-81A3F311328D}.Release|Any CPU.ActiveCfg = Release|Any CPU
		{2ABE648B-5AF6-4A2A-894D-81A3F311328D}.Release|Any CPU.Build.0 = Release|Any CPU
		{7EED028F-934D-4F5A-A18A-BFA7E0139BD2}.Debug|Any CPU.ActiveCfg = Debug|Any CPU
		{7EED028F-934D-4F5A-A18A-BFA7E0139BD2}.Debug|Any CPU.Build.0 = Debug|Any CPU
		{7EED028F-934D-4F5A-A18A-BFA7E0139BD2}.Release|Any CPU.ActiveCfg = Release|Any CPU
		{7EED028F-934D-4F5A-A18A-BFA7E0139BD2}.Release|Any CPU.Build.0 = Release|Any CPU
		{8AF12C87-C27E-42D9-8D1D-6E841013AAA6}.Debug|Any CPU.ActiveCfg = Debug|Any CPU
		{8AF12C87-C27E-42D9-8D1D-6E841013AAA6}.Debug|Any CPU.Build.0 = Debug|Any CPU
		{8AF12C87-C27E-42D9-8D1D-6E841013AAA6}.Release|Any CPU.ActiveCfg = Release|Any CPU
		{8AF12C87-C27E-42D9-8D1D-6E841013AAA6}.Release|Any CPU.Build.0 = Release|Any CPU
		{E6A1BCDC-D179-49D5-AEDA-247E6C50B22A}.Debug|Any CPU.ActiveCfg = Debug|Any CPU
		{E6A1BCDC-D179-49D5-AEDA-247E6C50B22A}.Debug|Any CPU.Build.0 = Debug|Any CPU
		{E6A1BCDC-D179-49D5-AEDA-247E6C50B22A}.Release|Any CPU.ActiveCfg = Release|Any CPU
		{E6A1BCDC-D179-49D5-AEDA-247E6C50B22A}.Release|Any CPU.Build.0 = Release|Any CPU
		{D80669D1-094A-4F5C-BDD1-1B66E66D3A1F}.Debug|Any CPU.ActiveCfg = Debug|Any CPU
		{D80669D1-094A-4F5C-BDD1-1B66E66D3A1F}.Debug|Any CPU.Build.0 = Debug|Any CPU
		{D80669D1-094A-4F5C-BDD1-1B66E66D3A1F}.Release|Any CPU.ActiveCfg = Release|Any CPU
		{D80669D1-094A-4F5C-BDD1-1B66E66D3A1F}.Release|Any CPU.Build.0 = Release|Any CPU
		{EF3C6446-A128-4991-8956-5A9A0AD2DD35}.Debug|Any CPU.ActiveCfg = Debug|Any CPU
		{EF3C6446-A128-4991-8956-5A9A0AD2DD35}.Debug|Any CPU.Build.0 = Debug|Any CPU
		{EF3C6446-A128-4991-8956-5A9A0AD2DD35}.Release|Any CPU.ActiveCfg = Release|Any CPU
		{EF3C6446-A128-4991-8956-5A9A0AD2DD35}.Release|Any CPU.Build.0 = Release|Any CPU
		{1386B9C4-1D37-4E27-A064-D0489D7E7014}.Debug|Any CPU.ActiveCfg = Debug|Any CPU
		{1386B9C4-1D37-4E27-A064-D0489D7E7014}.Debug|Any CPU.Build.0 = Debug|Any CPU
		{1386B9C4-1D37-4E27-A064-D0489D7E7014}.Release|Any CPU.ActiveCfg = Release|Any CPU
		{1386B9C4-1D37-4E27-A064-D0489D7E7014}.Release|Any CPU.Build.0 = Release|Any CPU
		{F279DE4F-D737-4AE5-88FE-2E3C624EAB3E}.Debug|Any CPU.ActiveCfg = Debug|Any CPU
		{F279DE4F-D737-4AE5-88FE-2E3C624EAB3E}.Debug|Any CPU.Build.0 = Debug|Any CPU
		{F279DE4F-D737-4AE5-88FE-2E3C624EAB3E}.Release|Any CPU.ActiveCfg = Release|Any CPU
		{F279DE4F-D737-4AE5-88FE-2E3C624EAB3E}.Release|Any CPU.Build.0 = Release|Any CPU
		{58029700-D9ED-4272-ABE9-C36D7B371041}.Debug|Any CPU.ActiveCfg = Debug|Any CPU
		{58029700-D9ED-4272-ABE9-C36D7B371041}.Debug|Any CPU.Build.0 = Debug|Any CPU
		{58029700-D9ED-4272-ABE9-C36D7B371041}.Release|Any CPU.ActiveCfg = Release|Any CPU
		{58029700-D9ED-4272-ABE9-C36D7B371041}.Release|Any CPU.Build.0 = Release|Any CPU
		{F4329438-0E60-4B88-A174-B520A2301641}.Debug|Any CPU.ActiveCfg = Debug|Any CPU
		{F4329438-0E60-4B88-A174-B520A2301641}.Debug|Any CPU.Build.0 = Debug|Any CPU
		{F4329438-0E60-4B88-A174-B520A2301641}.Release|Any CPU.ActiveCfg = Release|Any CPU
		{F4329438-0E60-4B88-A174-B520A2301641}.Release|Any CPU.Build.0 = Release|Any CPU
		{DF7B1E17-759B-49F4-9414-01377426F02D}.Debug|Any CPU.ActiveCfg = Debug|Any CPU
		{DF7B1E17-759B-49F4-9414-01377426F02D}.Debug|Any CPU.Build.0 = Debug|Any CPU
		{DF7B1E17-759B-49F4-9414-01377426F02D}.Release|Any CPU.ActiveCfg = Release|Any CPU
		{DF7B1E17-759B-49F4-9414-01377426F02D}.Release|Any CPU.Build.0 = Release|Any CPU
	EndGlobalSection
	GlobalSection(SolutionProperties) = preSolution
		HideSolutionNode = FALSE
	EndGlobalSection
	GlobalSection(NestedProjects) = preSolution
		{E6A1BCDC-D179-49D5-AEDA-247E6C50B22A} = {36D591C7-65C7-A0D1-1CBC-10CDE441BDC8}
		{D80669D1-094A-4F5C-BDD1-1B66E66D3A1F} = {36D591C7-65C7-A0D1-1CBC-10CDE441BDC8}
		{F279DE4F-D737-4AE5-88FE-2E3C624EAB3E} = {36D591C7-65C7-A0D1-1CBC-10CDE441BDC8}
		{58029700-D9ED-4272-ABE9-C36D7B371041} = {36D591C7-65C7-A0D1-1CBC-10CDE441BDC8}
		{DF7B1E17-759B-49F4-9414-01377426F02D} = {36D591C7-65C7-A0D1-1CBC-10CDE441BDC8}
	EndGlobalSection
	GlobalSection(ExtensibilityGlobals) = postSolution
		SolutionGuid = {53A99627-A8EA-4048-84C8-E336F372D40C}
	EndGlobalSection
EndGlobal
