
Microsoft Visual Studio Solution File, Format Version 12.00
# Visual Studio Version 17
VisualStudioVersion = 17.14.36518.9 d17.14
MinimumVisualStudioVersion = 10.0.40219.1
Project("{FAE04EC0-301F-11D3-BF4B-00C04F79EFBC}") = "AdoNet", "AdoNet.csproj", "{EC499DCD-BA15-4683-AE53-9FC72F42727B}"
EndProject
Project("{2150E333-8FDC-42A3-9474-1A3956D46DE8}") = "Coursework", "Coursework", "{36D591C7-65C7-A0D1-1CBC-10CDE441BDC8}"
	ProjectSection(SolutionItems) = preProject
		docker-compose.override.yml = docker-compose.override.yml
		docker-compose.yml = docker-compose.yml
	EndProjectSection
EndProject
Project("{FAE04EC0-301F-11D3-BF4B-00C04F79EFBC}") = "View", "Examen\View\View.csproj", "{E6A1BCDC-D179-49D5-AEDA-247E6C50B22A}"
EndProject
Project("{FAE04EC0-301F-11D3-BF4B-00C04F79EFBC}") = "DataLayer", "Examen\DataLayer\DataLayer.csproj", "{F279DE4F-D737-4AE5-88FE-2E3C624EAB3E}"
EndProject
Project("{FAE04EC0-301F-11D3-BF4B-00C04F79EFBC}") = "Model", "Examen\Model\Model.csproj", "{58029700-D9ED-4272-ABE9-C36D7B371041}"
EndProject
Project("{FAE04EC0-301F-11D3-BF4B-00C04F79EFBC}") = "ModelFirst", "Examen\ModelFirst\ModelFirst.csproj", "{DF7B1E17-759B-49F4-9414-01377426F02D}"
EndProject
Project("{FAE04EC0-301F-11D3-BF4B-00C04F79EFBC}") = "Server", "Examen\Server\Server.csproj", "{41EEFD07-7490-4D73-A810-521EC389DFF1}"
EndProject
Project("{FAE04EC0-301F-11D3-BF4B-00C04F79EFBC}") = "ViewModel", "Examen\ViewModel\ViewModel.csproj", "{01A73C3A-9F99-45A9-BA7C-FFC3BFC33111}"
EndProject
Global
	GlobalSection(SolutionConfigurationPlatforms) = preSolution
		Debug|Any CPU = Debug|Any CPU
		Release|Any CPU = Release|Any CPU
	EndGlobalSection
	GlobalSection(ProjectConfigurationPlatforms) = postSolution
		{EC499DCD-BA15-4683-AE53-9FC72F42727B}.Debug|Any CPU.ActiveCfg = Debug|Any CPU
		{EC499DCD-BA15-4683-AE53-9FC72F42727B}.Debug|Any CPU.Build.0 = Debug|Any CPU
		{EC499DCD-BA15-4683-AE53-9FC72F42727B}.Release|Any CPU.ActiveCfg = Release|Any CPU
		{EC499DCD-BA15-4683-AE53-9FC72F42727B}.Release|Any CPU.Build.0 = Release|Any CPU
		{E6A1BCDC-D179-49D5-AEDA-247E6C50B22A}.Debug|Any CPU.ActiveCfg = Debug|Any CPU
		{E6A1BCDC-D179-49D5-AEDA-247E6C50B22A}.Debug|Any CPU.Build.0 = Debug|Any CPU
		{E6A1BCDC-D179-49D5-AEDA-247E6C50B22A}.Release|Any CPU.ActiveCfg = Release|Any CPU
		{E6A1BCDC-D179-49D5-AEDA-247E6C50B22A}.Release|Any CPU.Build.0 = Release|Any CPU
		{F279DE4F-D737-4AE5-88FE-2E3C624EAB3E}.Debug|Any CPU.ActiveCfg = Debug|Any CPU
		{F279DE4F-D737-4AE5-88FE-2E3C624EAB3E}.Debug|Any CPU.Build.0 = Debug|Any CPU
		{F279DE4F-D737-4AE5-88FE-2E3C624EAB3E}.Release|Any CPU.ActiveCfg = Release|Any CPU
		{F279DE4F-D737-4AE5-88FE-2E3C624EAB3E}.Release|Any CPU.Build.0 = Release|Any CPU
		{58029700-D9ED-4272-ABE9-C36D7B371041}.Debug|Any CPU.ActiveCfg = Debug|Any CPU
		{58029700-D9ED-4272-ABE9-C36D7B371041}.Debug|Any CPU.Build.0 = Debug|Any CPU
		{58029700-D9ED-4272-ABE9-C36D7B371041}.Release|Any CPU.ActiveCfg = Release|Any CPU
		{58029700-D9ED-4272-ABE9-C36D7B371041}.Release|Any CPU.Build.0 = Release|Any CPU
		{DF7B1E17-759B-49F4-9414-01377426F02D}.Debug|Any CPU.ActiveCfg = Debug|Any CPU
		{DF7B1E17-759B-49F4-9414-01377426F02D}.Debug|Any CPU.Build.0 = Debug|Any CPU
		{DF7B1E17-759B-49F4-9414-01377426F02D}.Release|Any CPU.ActiveCfg = Release|Any CPU
		{DF7B1E17-759B-49F4-9414-01377426F02D}.Release|Any CPU.Build.0 = Release|Any CPU
		{41EEFD07-7490-4D73-A810-521EC389DFF1}.Debug|Any CPU.ActiveCfg = Debug|Any CPU
		{41EEFD07-7490-4D73-A810-521EC389DFF1}.Debug|Any CPU.Build.0 = Debug|Any CPU
		{41EEFD07-7490-4D73-A810-521EC389DFF1}.Release|Any CPU.ActiveCfg = Release|Any CPU
		{41EEFD07-7490-4D73-A810-521EC389DFF1}.Release|Any CPU.Build.0 = Release|Any CPU
		{01A73C3A-9F99-45A9-BA7C-FFC3BFC33111}.Debug|Any CPU.ActiveCfg = Debug|Any CPU
		{01A73C3A-9F99-45A9-BA7C-FFC3BFC33111}.Debug|Any CPU.Build.0 = Debug|Any CPU
		{01A73C3A-9F99-45A9-BA7C-FFC3BFC33111}.Release|Any CPU.ActiveCfg = Release|Any CPU
		{01A73C3A-9F99-45A9-BA7C-FFC3BFC33111}.Release|Any CPU.Build.0 = Release|Any CPU
	EndGlobalSection
	GlobalSection(SolutionProperties) = preSolution
		HideSolutionNode = FALSE
	EndGlobalSection
	GlobalSection(NestedProjects) = preSolution
		{E6A1BCDC-D179-49D5-AEDA-247E6C50B22A} = {36D591C7-65C7-A0D1-1CBC-10CDE441BDC8}
		{F279DE4F-D737-4AE5-88FE-2E3C624EAB3E} = {36D591C7-65C7-A0D1-1CBC-10CDE441BDC8}
		{58029700-D9ED-4272-ABE9-C36D7B371041} = {36D591C7-65C7-A0D1-1CBC-10CDE441BDC8}
		{DF7B1E17-759B-49F4-9414-01377426F02D} = {36D591C7-65C7-A0D1-1CBC-10CDE441BDC8}
		{41EEFD07-7490-4D73-A810-521EC389DFF1} = {36D591C7-65C7-A0D1-1CBC-10CDE441BDC8}
		{01A73C3A-9F99-45A9-BA7C-FFC3BFC33111} = {36D591C7-65C7-A0D1-1CBC-10CDE441BDC8}
	EndGlobalSection
	GlobalSection(ExtensibilityGlobals) = postSolution
		SolutionGuid = {53A99627-A8EA-4048-84C8-E336F372D40C}
	EndGlobalSection
EndGlobal
